<?xml version="1.0" encoding="utf-8"?>
<Project ToolsVersion="4.0" xmlns="http://schemas.microsoft.com/developer/msbuild/2003">
  <ItemGroup>
    <Filter Include="Source Files">
      <UniqueIdentifier>{4FC737F1-C7A5-4376-A066-2A32D752A2FF}</UniqueIdentifier>
      <Extensions>cpp;c;cc;cxx;def;odl;idl;hpj;bat;asm;asmx</Extensions>
    </Filter>
    <Filter Include="Header Files">
      <UniqueIdentifier>{93995380-89BD-4b04-88EB-625FBE52EBFB}</UniqueIdentifier>
      <Extensions>h;hh;hpp;hxx;hm;inl;inc;ipp;xsd</Extensions>
    </Filter>
    <Filter Include="Resource Files">
      <UniqueIdentifier>{67DA6AB6-F800-4c08-8B7A-83BB121AAD01}</UniqueIdentifier>
      <Extensions>rc;ico;cur;bmp;dlg;rc2;rct;bin;rgs;gif;jpg;jpeg;jpe;resx;tiff;tif;png;wav;mfcribbon-ms</Extensions>
    </Filter>
    <Filter Include="Resource Files\shaders">
      <UniqueIdentifier>{0ee0e742-da60-4a2a-bfb8-ed59d0d09e36}</UniqueIdentifier>
    </Filter>
    <Filter Include="Header Files\fwd">
      <UniqueIdentifier>{1477ec1a-30e2-40ac-912f-1ba0ea8573d8}</UniqueIdentifier>
    </Filter>
  </ItemGroup>
  <ItemGroup>
    <ClCompile Include="main.cpp">
      <Filter>Source Files</Filter>
    </ClCompile>
    <ClCompile Include="vulkansetup.cpp">
      <Filter>Source Files</Filter>
    </ClCompile>
    <ClCompile Include="glfwsetup.cpp">
      <Filter>Source Files</Filter>
    </ClCompile>
    <ClCompile Include="fbxsdkstuff.cpp">
      <Filter>Source Files</Filter>
    </ClCompile>
    <ClCompile Include="AnimationStuff.cpp">
      <Filter>Source Files</Filter>
    </ClCompile>
    <ClCompile Include="SbCamera.cpp">
      <Filter>Source Files</Filter>
    </ClCompile>
    <ClCompile Include="SbDescriptorPool.cpp">
      <Filter>Source Files</Filter>
    </ClCompile>
    <ClCompile Include="SbLayout.cpp">
      <Filter>Source Files</Filter>
    </ClCompile>
    <ClCompile Include="SbPipeline.cpp">
      <Filter>Source Files</Filter>
    </ClCompile>
    <ClCompile Include="SbRenderpass.cpp">
      <Filter>Source Files</Filter>
    </ClCompile>
    <ClCompile Include="SbRenderpassAttachment.cpp">
      <Filter>Source Files</Filter>
    </ClCompile>
    <ClCompile Include="SbSwapchain.cpp">
      <Filter>Source Files</Filter>
    </ClCompile>
    <ClCompile Include="SbPhysicalDevice.cpp">
      <Filter>Source Files</Filter>
    </ClCompile>
    <ClCompile Include="SbLogicalDevice.cpp">
      <Filter>Source Files</Filter>
    </ClCompile>
    <ClCompile Include="SbVulkanBase.cpp">
      <Filter>Source Files</Filter>
    </ClCompile>
    <ClCompile Include="SbCommandPool.cpp">
      <Filter>Source Files</Filter>
    </ClCompile>
    <ClCompile Include="SbPipelineLayout.cpp">
      <Filter>Source Files</Filter>
    </ClCompile>
    <ClCompile Include="SbBuffer.cpp">
      <Filter>Source Files</Filter>
    </ClCompile>
    <ClCompile Include="SbUniformBuffer.cpp">
      <Filter>Source Files</Filter>
    </ClCompile>
  </ItemGroup>
  <ItemGroup>
    <ClInclude Include="vulkansetup.h">
      <Filter>Header Files</Filter>
    </ClInclude>
    <ClInclude Include="glfwsetup.h">
      <Filter>Header Files</Filter>
    </ClInclude>
    <ClInclude Include="fbxsdkstuff.h">
      <Filter>Header Files</Filter>
    </ClInclude>
    <ClInclude Include="AnimationStuff.h">
      <Filter>Header Files</Filter>
    </ClInclude>
    <ClInclude Include="Model.h">
      <Filter>Header Files</Filter>
    </ClInclude>
    <ClInclude Include="Header.h">
      <Filter>Header Files</Filter>
    </ClInclude>
    <ClInclude Include="SbCamera.h">
      <Filter>Header Files</Filter>
    </ClInclude>
    <ClInclude Include="VulkanInitializers.hpp">
      <Filter>Header Files</Filter>
    </ClInclude>
    <ClInclude Include="algo.hpp">
      <Filter>Header Files</Filter>
    </ClInclude>
    <ClInclude Include="SbDescriptorPool.h">
      <Filter>Header Files</Filter>
    </ClInclude>
    <ClInclude Include="SbLayout.h">
      <Filter>Header Files</Filter>
    </ClInclude>
    <ClInclude Include="SbPipeline.h">
      <Filter>Header Files</Filter>
    </ClInclude>
    <ClInclude Include="SbRenderpass.h">
      <Filter>Header Files</Filter>
    </ClInclude>
    <ClInclude Include="SbRenderpassAttachment.h">
      <Filter>Header Files</Filter>
    </ClInclude>
    <ClInclude Include="SbSwapchain.h">
      <Filter>Header Files</Filter>
    </ClInclude>
    <ClInclude Include="SbPhysicalDevice.h">
      <Filter>Header Files</Filter>
    </ClInclude>
    <ClInclude Include="SbLogicalDevice.h">
      <Filter>Header Files</Filter>
    </ClInclude>
    <ClInclude Include="VulkanHelperFunctions.hpp">
      <Filter>Header Files</Filter>
    </ClInclude>
    <ClInclude Include="SbVulkanBase.h">
      <Filter>Header Files</Filter>
    </ClInclude>
    <ClInclude Include="SbCommandPool.h">
      <Filter>Header Files</Filter>
    </ClInclude>
    <ClInclude Include="SbPipelineLayout.h">
      <Filter>Header Files</Filter>
    </ClInclude>
    <ClInclude Include="SbUniformBuffer.h">
      <Filter>Header Files</Filter>
    </ClInclude>
    <ClInclude Include="SbBuffer.h">
      <Filter>Header Files</Filter>
    </ClInclude>
  </ItemGroup>
  <ItemGroup>
    <None Include="shaders\shader.frag">
      <Filter>Resource Files\shaders</Filter>
    </None>
    <None Include="shaders\shader.vert">
      <Filter>Resource Files\shaders</Filter>
    </None>
    <None Include="shaders\compile.bat">
      <Filter>Resource Files\shaders</Filter>
    </None>
    <None Include="shaders\attachmentread.frag">
      <Filter>Resource Files\shaders</Filter>
    </None>
    <None Include="shaders\attachmentread.vert">
      <Filter>Resource Files\shaders</Filter>
    </None>
    <None Include="shaders\attachmentwrite.frag">
      <Filter>Resource Files\shaders</Filter>
    </None>
    <None Include="shaders\attachmentwrite.vert">
      <Filter>Resource Files\shaders</Filter>
    </None>
    <None Include="shaders\composition.frag">
      <Filter>Resource Files\shaders</Filter>
    </None>
    <None Include="shaders\composition.vert">
      <Filter>Resource Files\shaders</Filter>
    </None>
    <None Include="shaders\gbuf.frag">
      <Filter>Resource Files\shaders</Filter>
    </None>
    <None Include="shaders\gbuf.vert">
      <Filter>Resource Files\shaders</Filter>
    </None>
    <None Include="shaders\transparent.frag">
      <Filter>Resource Files\shaders</Filter>
    </None>
    <None Include="shaders\transparent.vert">
      <Filter>Resource Files\shaders</Filter>
    </None>
  </ItemGroup>
  <ItemGroup>
    <Text Include="tasks.txt">
      <Filter>Resource Files</Filter>
    </Text>
    <Text Include="scraps.txt">
      <Filter>Resource Files</Filter>
    </Text>
  </ItemGroup>
</Project>